// !$*UTF8*$!
{
	archiveVersion = 1;
	classes = {
	};
	objectVersion = 56;
	objects = {

/* Begin PBXBuildFile section */
		4C6CAFC92C57790C00F2FE9A /* airpongApp.swift in Sources */ = {isa = PBXBuildFile; fileRef = 4C6CAFC82C57790C00F2FE9A /* airpongApp.swift */; };
		4C6CAFCB2C57790C00F2FE9A /* ContentView.swift in Sources */ = {isa = PBXBuildFile; fileRef = 4C6CAFCA2C57790C00F2FE9A /* ContentView.swift */; };
		4C6CAFCD2C57790D00F2FE9A /* Assets.xcassets in Resources */ = {isa = PBXBuildFile; fileRef = 4C6CAFCC2C57790D00F2FE9A /* Assets.xcassets */; };
		4C6CAFD02C57790D00F2FE9A /* Preview Assets.xcassets in Resources */ = {isa = PBXBuildFile; fileRef = 4C6CAFCF2C57790D00F2FE9A /* Preview Assets.xcassets */; };
		4C6CAFDD2C57796600F2FE9A /* GameState.swift in Sources */ = {isa = PBXBuildFile; fileRef = 4C6CAFDC2C57796600F2FE9A /* GameState.swift */; };
		4C6CAFDF2C57799000F2FE9A /* Player.swift in Sources */ = {isa = PBXBuildFile; fileRef = 4C6CAFDE2C57799000F2FE9A /* Player.swift */; };
		4C6CAFE12C5779CB00F2FE9A /* GameView.swift in Sources */ = {isa = PBXBuildFile; fileRef = 4C6CAFE02C5779CB00F2FE9A /* GameView.swift */; };
		4C6CAFE32C5779EF00F2FE9A /* GameViewModel.swift in Sources */ = {isa = PBXBuildFile; fileRef = 4C6CAFE22C5779EF00F2FE9A /* GameViewModel.swift */; };
		4C6CAFE62C577A1200F2FE9A /* MotionService.swift in Sources */ = {isa = PBXBuildFile; fileRef = 4C6CAFE52C577A1200F2FE9A /* MotionService.swift */; };
		4C6CAFE82C577A2500F2FE9A /* HapticService.swift in Sources */ = {isa = PBXBuildFile; fileRef = 4C6CAFE72C577A2500F2FE9A /* HapticService.swift */; };
		4C6CAFEA2C577A3700F2FE9A /* NetworkService.swift in Sources */ = {isa = PBXBuildFile; fileRef = 4C6CAFE92C577A3700F2FE9A /* NetworkService.swift */; };
/* End PBXBuildFile section */

/* Begin PBXFileReference section */
		4C6CAFC52C57790C00F2FE9A /* airpong.app */ = {isa = PBXFileReference; explicitFileType = wrapper.application; includeInIndex = 0; path = airpong.app; sourceTree = BUILT_PRODUCTS_DIR; };
		4C6CAFC82C57790C00F2FE9A /* airpongApp.swift */ = {isa = PBXFileReference; lastKnownFileType = sourcecode.swift; path = airpongApp.swift; sourceTree = "<group>"; };
		4C6CAFCA2C57790C00F2FE9A /* ContentView.swift */ = {isa = PBXFileReference; lastKnownFileType = sourcecode.swift; path = ContentView.swift; sourceTree = "<group>"; };
		4C6CAFCC2C57790D00F2FE9A /* Assets.xcassets */ = {isa = PBXFileReference; lastKnownFileType = folder.assetcatalog; path = Assets.xcassets; sourceTree = "<group>"; };
		4C6CAFCF2C57790D00F2FE9A /* Preview Assets.xcassets */ = {isa = PBXFileReference; lastKnownFileType = folder.assetcatalog; path = "Preview Assets.xcassets"; sourceTree = "<group>"; };
		4C6CAFDC2C57796600F2FE9A /* GameState.swift */ = {isa = PBXFileReference; lastKnownFileType = sourcecode.swift; path = GameState.swift; sourceTree = "<group>"; };
		4C6CAFDE2C57799000F2FE9A /* Player.swift */ = {isa = PBXFileReference; lastKnownFileType = sourcecode.swift; path = Player.swift; sourceTree = "<group>"; };
		4C6CAFE02C5779CB00F2FE9A /* GameView.swift */ = {isa = PBXFileReference; lastKnownFileType = sourcecode.swift; path = GameView.swift; sourceTree = "<group>"; };
		4C6CAFE22C5779EF00F2FE9A /* GameViewModel.swift */ = {isa = PBXFileReference; lastKnownFileType = sourcecode.swift; path = GameViewModel.swift; sourceTree = "<group>"; };
		4C6CAFE52C577A1200F2FE9A /* MotionService.swift */ = {isa = PBXFileReference; lastKnownFileType = sourcecode.swift; path = MotionService.swift; sourceTree = "<group>"; };
		4C6CAFE72C577A2500F2FE9A /* HapticService.swift */ = {isa = PBXFileReference; lastKnownFileType = sourcecode.swift; path = HapticService.swift; sourceTree = "<group>"; };
		4C6CAFE92C577A3700F2FE9A /* NetworkService.swift */ = {isa = PBXFileReference; lastKnownFileType = sourcecode.swift; path = NetworkService.swift; sourceTree = "<group>"; };
/* End PBXFileReference section */

/* Begin PBXFrameworksBuildPhase section */
		4C6CAFC22C57790C00F2FE9A /* Frameworks */ = {
			isa = PBXFrameworksBuildPhase;
			buildActionMask = 2147483647;
			files = (
			);
			runOnlyForDeploymentPostprocessing = 0;
		};
/* End PBXFrameworksBuildPhase section */

/* Begin PBXGroup section */
		4C6CAFBC2C57790C00F2FE9A = {
			isa = PBXGroup;
			children = (
				4C6CAFC82C57790C00F2FE9A /* airpongApp.swift */,
				4C6DB5F12C582C8300848A28 /* Preview Content */,
				4C6CAFDB2C57794800F2FE9A /* Utilities */,
				4C6CAFDA2C57794200F2FE9A /* Services */,
				4C6CAFD92C57793B00F2FE9A /* ViewModels */,
				4C6CAFD82C57793600F2FE9A /* Views */,
				4C6CAFD72C57793000F2FE9A /* Models */,
				4C6CAFC62C57790C00F2FE9A /* Products */,
			);
			sourceTree = "<group>";
		};
		4C6CAFC62C57790C00F2FE9A /* Products */ = {
			isa = PBXGroup;
			children = (
				4C6CAFC52C57790C00F2FE9A /* airpong.app */,
			);
			name = Products;
			sourceTree = "<group>";
		};
		4C6CAFD72C57793000F2FE9A /* Models */ = {
			isa = PBXGroup;
			children = (
				4C6CAFDC2C57796600F2FE9A /* GameState.swift */,
				4C6CAFDE2C57799000F2FE9A /* Player.swift */,
			);
			path = Models;
			sourceTree = "<group>";
		};
		4C6CAFD82C57793600F2FE9A /* Views */ = {
			isa = PBXGroup;
			children = (
				4C6CAFCA2C57790C00F2FE9A /* ContentView.swift */,
				4C6CAFE02C5779CB00F2FE9A /* GameView.swift */,
			);
			path = Views;
			sourceTree = "<group>";
		};
		4C6CAFD92C57793B00F2FE9A /* ViewModels */ = {
			isa = PBXGroup;
			children = (
				4C6CAFE22C5779EF00F2FE9A /* GameViewModel.swift */,
			);
			path = ViewModels;
			sourceTree = "<group>";
		};
		4C6CAFDA2C57794200F2FE9A /* Services */ = {
			isa = PBXGroup;
			children = (
				4C6CAFE52C577A1200F2FE9A /* MotionService.swift */,
				4C6CAFE72C577A2500F2FE9A /* HapticService.swift */,
				4C6CAFE92C577A3700F2FE9A /* NetworkService.swift */,
			);
			path = Services;
			sourceTree = "<group>";
		};
		4C6CAFDB2C57794800F2FE9A /* Utilities */ = {
			isa = PBXGroup;
			children = (
			);
			path = Utilities;
			sourceTree = "<group>";
		};
		4C6DB5F12C582C8300848A28 /* Preview Content */ = {
			isa = PBXGroup;
			children = (
				4C6CAFCF2C57790D00F2FE9A /* Preview Assets.xcassets */,
				4C6CAFCC2C57790D00F2FE9A /* Assets.xcassets */,
			);
			path = "Preview Content";
			sourceTree = "<group>";
		};
/* End PBXGroup section */

/* Begin PBXNativeTarget section */
		4C6CAFC42C57790C00F2FE9A /* airpong */ = {
			isa = PBXNativeTarget;
			buildConfigurationList = 4C6CAFD32C57790D00F2FE9A /* Build configuration list for PBXNativeTarget "airpong" */;
			buildPhases = (
				4C6CAFC12C57790C00F2FE9A /* Sources */,
				4C6CAFC22C57790C00F2FE9A /* Frameworks */,
				4C6CAFC32C57790C00F2FE9A /* Resources */,
			);
			buildRules = (
			);
			dependencies = (
			);
			name = airpong;
			productName = airpong;
			productReference = 4C6CAFC52C57790C00F2FE9A /* airpong.app */;
			productType = "com.apple.product-type.application";
		};
/* End PBXNativeTarget section */

/* Begin PBXProject section */
		4C6CAFBD2C57790C00F2FE9A /* Project object */ = {
			isa = PBXProject;
			attributes = {
				BuildIndependentTargetsInParallel = 1;
				LastSwiftUpdateCheck = 1540;
				LastUpgradeCheck = 1540;
				TargetAttributes = {
					4C6CAFC42C57790C00F2FE9A = {
						CreatedOnToolsVersion = 15.4;
					};
				};
			};
			buildConfigurationList = 4C6CAFC02C57790C00F2FE9A /* Build configuration list for PBXProject "airpong" */;
			compatibilityVersion = "Xcode 14.0";
			developmentRegion = en;
			hasScannedForEncodings = 0;
			knownRegions = (
				en,
				Base,
			);
			mainGroup = 4C6CAFBC2C57790C00F2FE9A;
			productRefGroup = 4C6CAFC62C57790C00F2FE9A /* Products */;
			projectDirPath = "";
			projectRoot = "";
			targets = (
				4C6CAFC42C57790C00F2FE9A /* airpong */,
			);
		};
/* End PBXProject section */

/* Begin PBXResourcesBuildPhase section */
		4C6CAFC32C57790C00F2FE9A /* Resources */ = {
			isa = PBXResourcesBuildPhase;
			buildActionMask = 2147483647;
			files = (
				4C6CAFD02C57790D00F2FE9A /* Preview Assets.xcassets in Resources */,
				4C6CAFCD2C57790D00F2FE9A /* Assets.xcassets in Resources */,
			);
			runOnlyForDeploymentPostprocessing = 0;
		};
/* End PBXResourcesBuildPhase section */

/* Begin PBXSourcesBuildPhase section */
		4C6CAFC12C57790C00F2FE9A /* Sources */ = {
			isa = PBXSourcesBuildPhase;
			buildActionMask = 2147483647;
			files = (
				4C6CAFE82C577A2500F2FE9A /* HapticService.swift in Sources */,
				4C6CAFE32C5779EF00F2FE9A /* GameViewModel.swift in Sources */,
				4C6CAFDF2C57799000F2FE9A /* Player.swift in Sources */,
				4C6CAFDD2C57796600F2FE9A /* GameState.swift in Sources */,
				4C6CAFEA2C577A3700F2FE9A /* NetworkService.swift in Sources */,
				4C6CAFCB2C57790C00F2FE9A /* ContentView.swift in Sources */,
				4C6CAFC92C57790C00F2FE9A /* airpongApp.swift in Sources */,
				4C6CAFE12C5779CB00F2FE9A /* GameView.swift in Sources */,
				4C6CAFE62C577A1200F2FE9A /* MotionService.swift in Sources */,
			);
			runOnlyForDeploymentPostprocessing = 0;
		};
/* End PBXSourcesBuildPhase section */

/* Begin XCBuildConfiguration section */
		4C6CAFD12C57790D00F2FE9A /* Debug */ = {
			isa = XCBuildConfiguration;
			buildSettings = {
				ALWAYS_SEARCH_USER_PATHS = NO;
				ASSETCATALOG_COMPILER_GENERATE_SWIFT_ASSET_SYMBOL_EXTENSIONS = YES;
				CLANG_ANALYZER_NONNULL = YES;
				CLANG_ANALYZER_NUMBER_OBJECT_CONVERSION = YES_AGGRESSIVE;
				CLANG_CXX_LANGUAGE_STANDARD = "gnu++20";
				CLANG_ENABLE_MODULES = YES;
				CLANG_ENABLE_OBJC_ARC = YES;
				CLANG_ENABLE_OBJC_WEAK = YES;
				CLANG_WARN_BLOCK_CAPTURE_AUTORELEASING = YES;
				CLANG_WARN_BOOL_CONVERSION = YES;
				CLANG_WARN_COMMA = YES;
				CLANG_WARN_CONSTANT_CONVERSION = YES;
				CLANG_WARN_DEPRECATED_OBJC_IMPLEMENTATIONS = YES;
				CLANG_WARN_DIRECT_OBJC_ISA_USAGE = YES_ERROR;
				CLANG_WARN_DOCUMENTATION_COMMENTS = YES;
				CLANG_WARN_EMPTY_BODY = YES;
				CLANG_WARN_ENUM_CONVERSION = YES;
				CLANG_WARN_INFINITE_RECURSION = YES;
				CLANG_WARN_INT_CONVERSION = YES;
				CLANG_WARN_NON_LITERAL_NULL_CONVERSION = YES;
				CLANG_WARN_OBJC_IMPLICIT_RETAIN_SELF = YES;
				CLANG_WARN_OBJC_LITERAL_CONVERSION = YES;
				CLANG_WARN_OBJC_ROOT_CLASS = YES_ERROR;
				CLANG_WARN_QUOTED_INCLUDE_IN_FRAMEWORK_HEADER = YES;
				CLANG_WARN_RANGE_LOOP_ANALYSIS = YES;
				CLANG_WARN_STRICT_PROTOTYPES = YES;
				CLANG_WARN_SUSPICIOUS_MOVE = YES;
				CLANG_WARN_UNGUARDED_AVAILABILITY = YES_AGGRESSIVE;
				CLANG_WARN_UNREACHABLE_CODE = YES;
				CLANG_WARN__DUPLICATE_METHOD_MATCH = YES;
				COPY_PHASE_STRIP = NO;
				DEBUG_INFORMATION_FORMAT = dwarf;
				ENABLE_STRICT_OBJC_MSGSEND = YES;
				ENABLE_TESTABILITY = YES;
				ENABLE_USER_SCRIPT_SANDBOXING = YES;
				GCC_C_LANGUAGE_STANDARD = gnu17;
				GCC_DYNAMIC_NO_PIC = NO;
				GCC_NO_COMMON_BLOCKS = YES;
				GCC_OPTIMIZATION_LEVEL = 0;
				GCC_PREPROCESSOR_DEFINITIONS = (
					"DEBUG=1",
					"$(inherited)",
				);
				GCC_WARN_64_TO_32_BIT_CONVERSION = YES;
				GCC_WARN_ABOUT_RETURN_TYPE = YES_ERROR;
				GCC_WARN_UNDECLARED_SELECTOR = YES;
				GCC_WARN_UNINITIALIZED_AUTOS = YES_AGGRESSIVE;
				GCC_WARN_UNUSED_FUNCTION = YES;
				GCC_WARN_UNUSED_VARIABLE = YES;
				IPHONEOS_DEPLOYMENT_TARGET = 17.5;
				LOCALIZATION_PREFERS_STRING_CATALOGS = YES;
				MTL_ENABLE_DEBUG_INFO = INCLUDE_SOURCE;
				MTL_FAST_MATH = YES;
				ONLY_ACTIVE_ARCH = YES;
				SDKROOT = iphoneos;
				SWIFT_ACTIVE_COMPILATION_CONDITIONS = "DEBUG $(inherited)";
				SWIFT_OPTIMIZATION_LEVEL = "-Onone";
			};
			name = Debug;
		};
		4C6CAFD22C57790D00F2FE9A /* Release */ = {
			isa = XCBuildConfiguration;
			buildSettings = {
				ALWAYS_SEARCH_USER_PATHS = NO;
				ASSETCATALOG_COMPILER_GENERATE_SWIFT_ASSET_SYMBOL_EXTENSIONS = YES;
				CLANG_ANALYZER_NONNULL = YES;
				CLANG_ANALYZER_NUMBER_OBJECT_CONVERSION = YES_AGGRESSIVE;
				CLANG_CXX_LANGUAGE_STANDARD = "gnu++20";
				CLANG_ENABLE_MODULES = YES;
				CLANG_ENABLE_OBJC_ARC = YES;
				CLANG_ENABLE_OBJC_WEAK = YES;
				CLANG_WARN_BLOCK_CAPTURE_AUTORELEASING = YES;
				CLANG_WARN_BOOL_CONVERSION = YES;
				CLANG_WARN_COMMA = YES;
				CLANG_WARN_CONSTANT_CONVERSION = YES;
				CLANG_WARN_DEPRECATED_OBJC_IMPLEMENTATIONS = YES;
				CLANG_WARN_DIRECT_OBJC_ISA_USAGE = YES_ERROR;
				CLANG_WARN_DOCUMENTATION_COMMENTS = YES;
				CLANG_WARN_EMPTY_BODY = YES;
				CLANG_WARN_ENUM_CONVERSION = YES;
				CLANG_WARN_INFINITE_RECURSION = YES;
				CLANG_WARN_INT_CONVERSION = YES;
				CLANG_WARN_NON_LITERAL_NULL_CONVERSION = YES;
				CLANG_WARN_OBJC_IMPLICIT_RETAIN_SELF = YES;
				CLANG_WARN_OBJC_LITERAL_CONVERSION = YES;
				CLANG_WARN_OBJC_ROOT_CLASS = YES_ERROR;
				CLANG_WARN_QUOTED_INCLUDE_IN_FRAMEWORK_HEADER = YES;
				CLANG_WARN_RANGE_LOOP_ANALYSIS = YES;
				CLANG_WARN_STRICT_PROTOTYPES = YES;
				CLANG_WARN_SUSPICIOUS_MOVE = YES;
				CLANG_WARN_UNGUARDED_AVAILABILITY = YES_AGGRESSIVE;
				CLANG_WARN_UNREACHABLE_CODE = YES;
				CLANG_WARN__DUPLICATE_METHOD_MATCH = YES;
				COPY_PHASE_STRIP = NO;
				DEBUG_INFORMATION_FORMAT = "dwarf-with-dsym";
				ENABLE_NS_ASSERTIONS = NO;
				ENABLE_STRICT_OBJC_MSGSEND = YES;
				ENABLE_USER_SCRIPT_SANDBOXING = YES;
				GCC_C_LANGUAGE_STANDARD = gnu17;
				GCC_NO_COMMON_BLOCKS = YES;
				GCC_WARN_64_TO_32_BIT_CONVERSION = YES;
				GCC_WARN_ABOUT_RETURN_TYPE = YES_ERROR;
				GCC_WARN_UNDECLARED_SELECTOR = YES;
				GCC_WARN_UNINITIALIZED_AUTOS = YES_AGGRESSIVE;
				GCC_WARN_UNUSED_FUNCTION = YES;
				GCC_WARN_UNUSED_VARIABLE = YES;
				IPHONEOS_DEPLOYMENT_TARGET = 17.5;
				LOCALIZATION_PREFERS_STRING_CATALOGS = YES;
				MTL_ENABLE_DEBUG_INFO = NO;
				MTL_FAST_MATH = YES;
				SDKROOT = iphoneos;
				SWIFT_COMPILATION_MODE = wholemodule;
				VALIDATE_PRODUCT = YES;
			};
			name = Release;
		};
		4C6CAFD42C57790D00F2FE9A /* Debug */ = {
			isa = XCBuildConfiguration;
			buildSettings = {
				ASSETCATALOG_COMPILER_APPICON_NAME = AppIcon;
				ASSETCATALOG_COMPILER_GLOBAL_ACCENT_COLOR_NAME = AccentColor;
				CODE_SIGN_STYLE = Automatic;
				CURRENT_PROJECT_VERSION = 1;
				DEVELOPMENT_ASSET_PATHS = "\"Preview Content\"";
				DEVELOPMENT_TEAM = PRL46Y9XS8;
				ENABLE_PREVIEWS = YES;
				GENERATE_INFOPLIST_FILE = YES;
				INFOPLIST_KEY_NSMotionUsageDescription = "This app uses motion data to detect when you're hitting the ball.";
				INFOPLIST_KEY_UIApplicationSceneManifest_Generation = YES;
				INFOPLIST_KEY_UIApplicationSupportsIndirectInputEvents = YES;
				INFOPLIST_KEY_UILaunchScreen_Generation = YES;
				INFOPLIST_KEY_UISupportedInterfaceOrientations_iPad = "UIInterfaceOrientationPortrait UIInterfaceOrientationPortraitUpsideDown UIInterfaceOrientationLandscapeLeft UIInterfaceOrientationLandscapeRight";
				INFOPLIST_KEY_UISupportedInterfaceOrientations_iPhone = "UIInterfaceOrientationPortrait UIInterfaceOrientationLandscapeLeft UIInterfaceOrientationLandscapeRight";
				LD_RUNPATH_SEARCH_PATHS = (
					"$(inherited)",
					"@executable_path/Frameworks",
				);
				MARKETING_VERSION = 1.0;
				PRODUCT_BUNDLE_IDENTIFIER = valentingnt.airpong;
				PRODUCT_NAME = "$(TARGET_NAME)";
				SWIFT_EMIT_LOC_STRINGS = YES;
				SWIFT_VERSION = 5.0;
				TARGETED_DEVICE_FAMILY = "1,2";
			};
			name = Debug;
		};
		4C6CAFD52C57790D00F2FE9A /* Release */ = {
			isa = XCBuildConfiguration;
			buildSettings = {
				ASSETCATALOG_COMPILER_APPICON_NAME = AppIcon;
				ASSETCATALOG_COMPILER_GLOBAL_ACCENT_COLOR_NAME = AccentColor;
				CODE_SIGN_STYLE = Automatic;
				CURRENT_PROJECT_VERSION = 1;
				DEVELOPMENT_ASSET_PATHS = "\"Preview Content\"";
				DEVELOPMENT_TEAM = PRL46Y9XS8;
				ENABLE_PREVIEWS = YES;
				GENERATE_INFOPLIST_FILE = YES;
				INFOPLIST_KEY_NSMotionUsageDescription = "This app uses motion data to detect when you're hitting the ball.";
				INFOPLIST_KEY_UIApplicationSceneManifest_Generation = YES;
				INFOPLIST_KEY_UIApplicationSupportsIndirectInputEvents = YES;
				INFOPLIST_KEY_UILaunchScreen_Generation = YES;
				INFOPLIST_KEY_UISupportedInterfaceOrientations_iPad = "UIInterfaceOrientationPortrait UIInterfaceOrientationPortraitUpsideDown UIInterfaceOrientationLandscapeLeft UIInterfaceOrientationLandscapeRight";
				INFOPLIST_KEY_UISupportedInterfaceOrientations_iPhone = "UIInterfaceOrientationPortrait UIInterfaceOrientationLandscapeLeft UIInterfaceOrientationLandscapeRight";
				LD_RUNPATH_SEARCH_PATHS = (
					"$(inherited)",
					"@executable_path/Frameworks",
				);
				MARKETING_VERSION = 1.0;
				PRODUCT_BUNDLE_IDENTIFIER = valentingnt.airpong;
				PRODUCT_NAME = "$(TARGET_NAME)";
				SWIFT_EMIT_LOC_STRINGS = YES;
				SWIFT_VERSION = 5.0;
				TARGETED_DEVICE_FAMILY = "1,2";
			};
			name = Release;
		};
/* End XCBuildConfiguration section */

/* Begin XCConfigurationList section */
		4C6CAFC02C57790C00F2FE9A /* Build configuration list for PBXProject "airpong" */ = {
			isa = XCConfigurationList;
			buildConfigurations = (
				4C6CAFD12C57790D00F2FE9A /* Debug */,
				4C6CAFD22C57790D00F2FE9A /* Release */,
			);
			defaultConfigurationIsVisible = 0;
			defaultConfigurationName = Release;
		};
		4C6CAFD32C57790D00F2FE9A /* Build configuration list for PBXNativeTarget "airpong" */ = {
			isa = XCConfigurationList;
			buildConfigurations = (
				4C6CAFD42C57790D00F2FE9A /* Debug */,
				4C6CAFD52C57790D00F2FE9A /* Release */,
			);
			defaultConfigurationIsVisible = 0;
			defaultConfigurationName = Release;
		};
/* End XCConfigurationList section */
	};
	rootObject = 4C6CAFBD2C57790C00F2FE9A /* Project object */;
}
